
Microsoft Visual Studio Solution File, Format Version 12.00
# Visual Studio Version 17
VisualStudioVersion = 17.0.31903.59
MinimumVisualStudioVersion = 10.0.40219.1
Project("{FAE04EC0-301F-11D3-BF4B-00C04F79EFBC}") = "AeatCrap.Tool", "AeatCrap.Tool\AeatCrap.Tool.csproj", "{F3E2AF2D-0BE9-419B-9F80-146339F1D473}"
EndProject
Global
	GlobalSection(SolutionConfigurationPlatforms) = preSolution
		Debug|Any CPU = Debug|Any CPU
		Release|Any CPU = Release|Any CPU
	EndGlobalSection
	GlobalSection(SolutionProperties) = preSolution
		HideSolutionNode = FALSE
	EndGlobalSection
	GlobalSection(ProjectConfigurationPlatforms) = postSolution
		{F3E2AF2D-0BE9-419B-9F80-146339F1D473}.Debug|Any CPU.ActiveCfg = Debug|Any CPU
		{F3E2AF2D-0BE9-419B-9F80-146339F1D473}.Debug|Any CPU.Build.0 = Debug|Any CPU
		{F3E2AF2D-0BE9-419B-9F80-146339F1D473}.Release|Any CPU.ActiveCfg = Release|Any CPU
		{F3E2AF2D-0BE9-419B-9F80-146339F1D473}.Release|Any CPU.Build.0 = Release|Any CPU
	EndGlobalSection
EndGlobal
